
Microsoft Visual Studio Solution File, Format Version 12.00
# Visual Studio 14
VisualStudioVersion = 14.0.25420.1
MinimumVisualStudioVersion = 10.0.40219.1
Project("{FAE04EC0-301F-11D3-BF4B-00C04F79EFBC}") = "View", "Libreria\View.csproj", "{94CB1212-91A5-4DA2-BD28-04FE11B16DEE}"
	ProjectSection(ProjectDependencies) = postProject
		{0C9601AA-66DE-4022-981C-0ED02678BE0E} = {0C9601AA-66DE-4022-981C-0ED02678BE0E}
	EndProjectSection
EndProject
Project("{FAE04EC0-301F-11D3-BF4B-00C04F79EFBC}") = "Model", "Model\Model.csproj", "{0C9601AA-66DE-4022-981C-0ED02678BE0E}"
EndProject
Project("{FAE04EC0-301F-11D3-BF4B-00C04F79EFBC}") = "Controller", "Controller\Controller.csproj", "{A4D9602C-CD9A-42FA-B49A-AD02E7645A41}"
EndProject
Global
	GlobalSection(SolutionConfigurationPlatforms) = preSolution
		Debug|Any CPU = Debug|Any CPU
		Release|Any CPU = Release|Any CPU
	EndGlobalSection
	GlobalSection(ProjectConfigurationPlatforms) = postSolution
		{94CB1212-91A5-4DA2-BD28-04FE11B16DEE}.Debug|Any CPU.ActiveCfg = Debug|Any CPU
		{94CB1212-91A5-4DA2-BD28-04FE11B16DEE}.Debug|Any CPU.Build.0 = Debug|Any CPU
		{94CB1212-91A5-4DA2-BD28-04FE11B16DEE}.Release|Any CPU.ActiveCfg = Release|Any CPU
		{94CB1212-91A5-4DA2-BD28-04FE11B16DEE}.Release|Any CPU.Build.0 = Release|Any CPU
		{0C9601AA-66DE-4022-981C-0ED02678BE0E}.Debug|Any CPU.ActiveCfg = Debug|Any CPU
		{0C9601AA-66DE-4022-981C-0ED02678BE0E}.Debug|Any CPU.Build.0 = Debug|Any CPU
		{0C9601AA-66DE-4022-981C-0ED02678BE0E}.Release|Any CPU.ActiveCfg = Release|Any CPU
		{0C9601AA-66DE-4022-981C-0ED02678BE0E}.Release|Any CPU.Build.0 = Release|Any CPU
		{A4D9602C-CD9A-42FA-B49A-AD02E7645A41}.Debug|Any CPU.ActiveCfg = Debug|Any CPU
		{A4D9602C-CD9A-42FA-B49A-AD02E7645A41}.Debug|Any CPU.Build.0 = Debug|Any CPU
		{A4D9602C-CD9A-42FA-B49A-AD02E7645A41}.Release|Any CPU.ActiveCfg = Release|Any CPU
		{A4D9602C-CD9A-42FA-B49A-AD02E7645A41}.Release|Any CPU.Build.0 = Release|Any CPU
	EndGlobalSection
	GlobalSection(SolutionProperties) = preSolution
		HideSolutionNode = FALSE
	EndGlobalSection
EndGlobal
